// !$*UTF8*$!
{
	archiveVersion = 1;
	classes = {
	};
	objectVersion = 56;
	objects = {

/* Begin PBXBuildFile section */
		1DDDDDDDDDDDDDDDDDDDDDD1 /* oMLXApp.swift in Sources */ = {isa = PBXBuildFile; fileRef = 1CCCCCCCCCCCCCCCCCCCCCC1 /* oMLXApp.swift */; };
		1DDDDDDDDDDDDDDDDDDDDDD2 /* AppDelegate.swift in Sources */ = {isa = PBXBuildFile; fileRef = 1CCCCCCCCCCCCCCCCCCCCCC2 /* AppDelegate.swift */; };
		1DDDDDDDDDDDDDDDDDDDDDD3 /* MenubarController.swift in Sources */ = {isa = PBXBuildFile; fileRef = 1CCCCCCCCCCCCCCCCCCCCCC3 /* MenubarController.swift */; };
		1DDDDDDDDDDDDDDDDDDDDDD4 /* Assets.xcassets in Resources */ = {isa = PBXBuildFile; fileRef = 1CCCCCCCCCCCCCCCCCCCCCC6 /* Assets.xcassets */; };
		1DDDDDDDDDDDDDDDDDDDDDD5 /* PythonRuntime.swift in Sources */ = {isa = PBXBuildFile; fileRef = 1CCCCCCCCCCCCCCCCCCCCCC8 /* PythonRuntime.swift */; };
		1DDDDDDDDDDDDDDDDDDDDDD6 /* ServerProcess.swift in Sources */ = {isa = PBXBuildFile; fileRef = 1CCCCCCCCCCCCCCCCCCCCCC9 /* ServerProcess.swift */; };
		2BB000000000000000000001 /* Theme.swift in Sources */ = {isa = PBXBuildFile; fileRef = 2CC000000000000000000001 /* Theme.swift */; };
		2BB000000000000000000002 /* Squircle.swift in Sources */ = {isa = PBXBuildFile; fileRef = 2CC000000000000000000002 /* Squircle.swift */; };
		2BB000000000000000000003 /* Glass.swift in Sources */ = {isa = PBXBuildFile; fileRef = 2CC000000000000000000003 /* Glass.swift */; };
		2BB000000000000000000004 /* Button.swift in Sources */ = {isa = PBXBuildFile; fileRef = 2CC000000000000000000004 /* Button.swift */; };
		2BB000000000000000000005 /* Popup.swift in Sources */ = {isa = PBXBuildFile; fileRef = 2CC000000000000000000005 /* Popup.swift */; };
		2BB000000000000000000006 /* TextInput.swift in Sources */ = {isa = PBXBuildFile; fileRef = 2CC000000000000000000006 /* TextInput.swift */; };
		2BB000000000000000000007 /* Segmented.swift in Sources */ = {isa = PBXBuildFile; fileRef = 2CC000000000000000000007 /* Segmented.swift */; };
		2BB000000000000000000008 /* ListGroup.swift in Sources */ = {isa = PBXBuildFile; fileRef = 2CC000000000000000000008 /* ListGroup.swift */; };
		2BB000000000000000000009 /* Row.swift in Sources */ = {isa = PBXBuildFile; fileRef = 2CC000000000000000000009 /* Row.swift */; };
		2BB00000000000000000000A /* SectionHeader.swift in Sources */ = {isa = PBXBuildFile; fileRef = 2CC00000000000000000000A /* SectionHeader.swift */; };
		2BB00000000000000000000B /* StatusPill.swift in Sources */ = {isa = PBXBuildFile; fileRef = 2CC00000000000000000000B /* StatusPill.swift */; };
		2BB00000000000000000000C /* CodeChip.swift in Sources */ = {isa = PBXBuildFile; fileRef = 2CC00000000000000000000C /* CodeChip.swift */; };
		3BB000000000000000000001 /* AppConfig.swift in Sources */ = {isa = PBXBuildFile; fileRef = 3CC000000000000000000001 /* AppConfig.swift */; };
		3BB000000000000000000002 /* MenubarStatsPoller.swift in Sources */ = {isa = PBXBuildFile; fileRef = 3CC000000000000000000002 /* MenubarStatsPoller.swift */; };
		3BB000000000000000000003 /* MenubarVisibilityWatcher.swift in Sources */ = {isa = PBXBuildFile; fileRef = 3CC000000000000000000003 /* MenubarVisibilityWatcher.swift */; };
		4BB000000000000000000001 /* PortConflictResolver.swift in Sources */ = {isa = PBXBuildFile; fileRef = 4CC000000000000000000001 /* PortConflictResolver.swift */; };
		4BB000000000000000000002 /* SignalHandlers.swift in Sources */ = {isa = PBXBuildFile; fileRef = 4CC000000000000000000002 /* SignalHandlers.swift */; };
/* End PBXBuildFile section */

/* Begin PBXFileReference section */
		1CCCCCCCCCCCCCCCCCCCCCC1 /* oMLXApp.swift */ = {isa = PBXFileReference; lastKnownFileType = sourcecode.swift; path = oMLXApp.swift; sourceTree = "<group>"; };
		1CCCCCCCCCCCCCCCCCCCCCC2 /* AppDelegate.swift */ = {isa = PBXFileReference; lastKnownFileType = sourcecode.swift; path = AppDelegate.swift; sourceTree = "<group>"; };
		1CCCCCCCCCCCCCCCCCCCCCC3 /* MenubarController.swift */ = {isa = PBXFileReference; lastKnownFileType = sourcecode.swift; path = MenubarController.swift; sourceTree = "<group>"; };
		1CCCCCCCCCCCCCCCCCCCCCC4 /* Info.plist */ = {isa = PBXFileReference; lastKnownFileType = text.plist.xml; path = Info.plist; sourceTree = "<group>"; };
		1CCCCCCCCCCCCCCCCCCCCCC5 /* oMLX-next.entitlements */ = {isa = PBXFileReference; lastKnownFileType = text.plist.entitlements; path = "oMLX-next.entitlements"; sourceTree = "<group>"; };
		1CCCCCCCCCCCCCCCCCCCCCC6 /* Assets.xcassets */ = {isa = PBXFileReference; lastKnownFileType = folder.assetcatalog; path = Assets.xcassets; sourceTree = "<group>"; };
		1CCCCCCCCCCCCCCCCCCCCCC7 /* oMLX-next.app */ = {isa = PBXFileReference; explicitFileType = wrapper.application; includeInIndex = 0; path = "oMLX-next.app"; sourceTree = BUILT_PRODUCTS_DIR; };
		1CCCCCCCCCCCCCCCCCCCCCC8 /* PythonRuntime.swift */ = {isa = PBXFileReference; lastKnownFileType = sourcecode.swift; path = PythonRuntime.swift; sourceTree = "<group>"; };
		1CCCCCCCCCCCCCCCCCCCCCC9 /* ServerProcess.swift */ = {isa = PBXFileReference; lastKnownFileType = sourcecode.swift; path = ServerProcess.swift; sourceTree = "<group>"; };
		2CC000000000000000000001 /* Theme.swift */ = {isa = PBXFileReference; lastKnownFileType = sourcecode.swift; path = Theme.swift; sourceTree = "<group>"; };
		2CC000000000000000000002 /* Squircle.swift */ = {isa = PBXFileReference; lastKnownFileType = sourcecode.swift; path = Squircle.swift; sourceTree = "<group>"; };
		2CC000000000000000000003 /* Glass.swift */ = {isa = PBXFileReference; lastKnownFileType = sourcecode.swift; path = Glass.swift; sourceTree = "<group>"; };
		2CC000000000000000000004 /* Button.swift */ = {isa = PBXFileReference; lastKnownFileType = sourcecode.swift; path = Button.swift; sourceTree = "<group>"; };
		2CC000000000000000000005 /* Popup.swift */ = {isa = PBXFileReference; lastKnownFileType = sourcecode.swift; path = Popup.swift; sourceTree = "<group>"; };
		2CC000000000000000000006 /* TextInput.swift */ = {isa = PBXFileReference; lastKnownFileType = sourcecode.swift; path = TextInput.swift; sourceTree = "<group>"; };
		2CC000000000000000000007 /* Segmented.swift */ = {isa = PBXFileReference; lastKnownFileType = sourcecode.swift; path = Segmented.swift; sourceTree = "<group>"; };
		2CC000000000000000000008 /* ListGroup.swift */ = {isa = PBXFileReference; lastKnownFileType = sourcecode.swift; path = ListGroup.swift; sourceTree = "<group>"; };
		2CC000000000000000000009 /* Row.swift */ = {isa = PBXFileReference; lastKnownFileType = sourcecode.swift; path = Row.swift; sourceTree = "<group>"; };
		2CC00000000000000000000A /* SectionHeader.swift */ = {isa = PBXFileReference; lastKnownFileType = sourcecode.swift; path = SectionHeader.swift; sourceTree = "<group>"; };
		2CC00000000000000000000B /* StatusPill.swift */ = {isa = PBXFileReference; lastKnownFileType = sourcecode.swift; path = StatusPill.swift; sourceTree = "<group>"; };
		2CC00000000000000000000C /* CodeChip.swift */ = {isa = PBXFileReference; lastKnownFileType = sourcecode.swift; path = CodeChip.swift; sourceTree = "<group>"; };
		3CC000000000000000000001 /* AppConfig.swift */ = {isa = PBXFileReference; lastKnownFileType = sourcecode.swift; path = AppConfig.swift; sourceTree = "<group>"; };
		3CC000000000000000000002 /* MenubarStatsPoller.swift */ = {isa = PBXFileReference; lastKnownFileType = sourcecode.swift; path = MenubarStatsPoller.swift; sourceTree = "<group>"; };
		3CC000000000000000000003 /* MenubarVisibilityWatcher.swift */ = {isa = PBXFileReference; lastKnownFileType = sourcecode.swift; path = MenubarVisibilityWatcher.swift; sourceTree = "<group>"; };
		4CC000000000000000000001 /* PortConflictResolver.swift */ = {isa = PBXFileReference; lastKnownFileType = sourcecode.swift; path = PortConflictResolver.swift; sourceTree = "<group>"; };
		4CC000000000000000000002 /* SignalHandlers.swift */ = {isa = PBXFileReference; lastKnownFileType = sourcecode.swift; path = SignalHandlers.swift; sourceTree = "<group>"; };
/* End PBXFileReference section */

/* Begin PBXFrameworksBuildPhase section */
		1EEEEEEEEEEEEEEEEEEEEEE2 /* Frameworks */ = {
			isa = PBXFrameworksBuildPhase;
			buildActionMask = 2147483647;
			files = (
			);
			runOnlyForDeploymentPostprocessing = 0;
		};
/* End PBXFrameworksBuildPhase section */

/* Begin PBXGroup section */
		1BBBBBBBBBBBBBBBBBBBBBB1 /* oMLX-next */ = {
			isa = PBXGroup;
			children = (
				1BBBBBBBBBBBBBBBBBBBBBB2 /* Sources */,
				1BBBBBBBBBBBBBBBBBBBBBB5 /* Resources */,
				1BBBBBBBBBBBBBBBBBBBBBB6 /* Products */,
			);
			sourceTree = "<group>";
		};
		1BBBBBBBBBBBBBBBBBBBBBB2 /* Sources */ = {
			isa = PBXGroup;
			children = (
				1BBBBBBBBBBBBBBBBBBBBBB3 /* App */,
				1BBBBBBBBBBBBBBBBBBBBBB4 /* Menubar */,
				1BBBBBBBBBBBBBBBBBBBBBB7 /* Server */,
				3EE000000000000000000001 /* Config */,
				2EE000000000000000000001 /* Theme */,
			);
			path = Sources;
			sourceTree = "<group>";
		};
		3EE000000000000000000001 /* Config */ = {
			isa = PBXGroup;
			children = (
				3CC000000000000000000001 /* AppConfig.swift */,
			);
			path = Config;
			sourceTree = "<group>";
		};
		2EE000000000000000000001 /* Theme */ = {
			isa = PBXGroup;
			children = (
				2CC000000000000000000001 /* Theme.swift */,
				2CC000000000000000000002 /* Squircle.swift */,
				2CC000000000000000000003 /* Glass.swift */,
				2EE000000000000000000002 /* Components */,
			);
			path = Theme;
			sourceTree = "<group>";
		};
		2EE000000000000000000002 /* Components */ = {
			isa = PBXGroup;
			children = (
				2CC000000000000000000004 /* Button.swift */,
				2CC000000000000000000005 /* Popup.swift */,
				2CC000000000000000000006 /* TextInput.swift */,
				2CC000000000000000000007 /* Segmented.swift */,
				2CC000000000000000000008 /* ListGroup.swift */,
				2CC000000000000000000009 /* Row.swift */,
				2CC00000000000000000000A /* SectionHeader.swift */,
				2CC00000000000000000000B /* StatusPill.swift */,
				2CC00000000000000000000C /* CodeChip.swift */,
			);
			path = Components;
			sourceTree = "<group>";
		};
		1BBBBBBBBBBBBBBBBBBBBBB7 /* Server */ = {
			isa = PBXGroup;
			children = (
				1CCCCCCCCCCCCCCCCCCCCCC8 /* PythonRuntime.swift */,
				1CCCCCCCCCCCCCCCCCCCCCC9 /* ServerProcess.swift */,
				4CC000000000000000000001 /* PortConflictResolver.swift */,
				4CC000000000000000000002 /* SignalHandlers.swift */,
			);
			path = Server;
			sourceTree = "<group>";
		};
		1BBBBBBBBBBBBBBBBBBBBBB3 /* App */ = {
			isa = PBXGroup;
			children = (
				1CCCCCCCCCCCCCCCCCCCCCC1 /* oMLXApp.swift */,
				1CCCCCCCCCCCCCCCCCCCCCC2 /* AppDelegate.swift */,
			);
			path = App;
			sourceTree = "<group>";
		};
		1BBBBBBBBBBBBBBBBBBBBBB4 /* Menubar */ = {
			isa = PBXGroup;
			children = (
				1CCCCCCCCCCCCCCCCCCCCCC3 /* MenubarController.swift */,
				3CC000000000000000000002 /* MenubarStatsPoller.swift */,
				3CC000000000000000000003 /* MenubarVisibilityWatcher.swift */,
			);
			path = Menubar;
			sourceTree = "<group>";
		};
		1BBBBBBBBBBBBBBBBBBBBBB5 /* Resources */ = {
			isa = PBXGroup;
			children = (
				1CCCCCCCCCCCCCCCCCCCCCC4 /* Info.plist */,
				1CCCCCCCCCCCCCCCCCCCCCC5 /* oMLX-next.entitlements */,
				1CCCCCCCCCCCCCCCCCCCCCC6 /* Assets.xcassets */,
			);
			path = Resources;
			sourceTree = "<group>";
		};
		1BBBBBBBBBBBBBBBBBBBBBB6 /* Products */ = {
			isa = PBXGroup;
			children = (
				1CCCCCCCCCCCCCCCCCCCCCC7 /* oMLX-next.app */,
			);
			name = Products;
			sourceTree = "<group>";
		};
/* End PBXGroup section */

/* Begin PBXNativeTarget section */
		1AAAAAAAAAAAAAAAAAAAAAA2 /* oMLX-next */ = {
			isa = PBXNativeTarget;
			buildConfigurationList = 1AAAAAAAAAAAAAAAAAAAAAA4 /* Build configuration list for PBXNativeTarget "oMLX-next" */;
			buildPhases = (
				1EEEEEEEEEEEEEEEEEEEEEE1 /* Sources */,
				1EEEEEEEEEEEEEEEEEEEEEE2 /* Frameworks */,
				1EEEEEEEEEEEEEEEEEEEEEE3 /* Resources */,
			);
			buildRules = (
			);
			dependencies = (
			);
			name = "oMLX-next";
			productName = "oMLX-next";
			productReference = 1CCCCCCCCCCCCCCCCCCCCCC7 /* oMLX-next.app */;
			productType = "com.apple.product-type.application";
		};
/* End PBXNativeTarget section */

/* Begin PBXProject section */
		1AAAAAAAAAAAAAAAAAAAAAA1 /* Project object */ = {
			isa = PBXProject;
			attributes = {
				BuildIndependentTargetsInParallel = YES;
				LastSwiftUpdateCheck = 1640;
				LastUpgradeCheck = 1640;
				TargetAttributes = {
					1AAAAAAAAAAAAAAAAAAAAAA2 = {
						CreatedOnToolsVersion = 16.4;
					};
				};
			};
			buildConfigurationList = 1AAAAAAAAAAAAAAAAAAAAAA3 /* Build configuration list for PBXProject "oMLX" */;
			compatibilityVersion = "Xcode 14.0";
			developmentRegion = en;
			hasScannedForEncodings = 0;
			knownRegions = (
				en,
				Base,
			);
			mainGroup = 1BBBBBBBBBBBBBBBBBBBBBB1;
			productRefGroup = 1BBBBBBBBBBBBBBBBBBBBBB6 /* Products */;
			projectDirPath = "";
			projectRoot = "";
			targets = (
				1AAAAAAAAAAAAAAAAAAAAAA2 /* oMLX-next */,
			);
		};
/* End PBXProject section */

/* Begin PBXResourcesBuildPhase section */
		1EEEEEEEEEEEEEEEEEEEEEE3 /* Resources */ = {
			isa = PBXResourcesBuildPhase;
			buildActionMask = 2147483647;
			files = (
				1DDDDDDDDDDDDDDDDDDDDDD4 /* Assets.xcassets in Resources */,
			);
			runOnlyForDeploymentPostprocessing = 0;
		};
/* End PBXResourcesBuildPhase section */

/* Begin PBXSourcesBuildPhase section */
		1EEEEEEEEEEEEEEEEEEEEEE1 /* Sources */ = {
			isa = PBXSourcesBuildPhase;
			buildActionMask = 2147483647;
			files = (
				1DDDDDDDDDDDDDDDDDDDDDD1 /* oMLXApp.swift in Sources */,
				1DDDDDDDDDDDDDDDDDDDDDD2 /* AppDelegate.swift in Sources */,
				1DDDDDDDDDDDDDDDDDDDDDD3 /* MenubarController.swift in Sources */,
				1DDDDDDDDDDDDDDDDDDDDDD5 /* PythonRuntime.swift in Sources */,
				1DDDDDDDDDDDDDDDDDDDDDD6 /* ServerProcess.swift in Sources */,
				2BB000000000000000000001 /* Theme.swift in Sources */,
				2BB000000000000000000002 /* Squircle.swift in Sources */,
				2BB000000000000000000003 /* Glass.swift in Sources */,
				2BB000000000000000000004 /* Button.swift in Sources */,
				2BB000000000000000000005 /* Popup.swift in Sources */,
				2BB000000000000000000006 /* TextInput.swift in Sources */,
				2BB000000000000000000007 /* Segmented.swift in Sources */,
				2BB000000000000000000008 /* ListGroup.swift in Sources */,
				2BB000000000000000000009 /* Row.swift in Sources */,
				2BB00000000000000000000A /* SectionHeader.swift in Sources */,
				2BB00000000000000000000B /* StatusPill.swift in Sources */,
				2BB00000000000000000000C /* CodeChip.swift in Sources */,
				3BB000000000000000000001 /* AppConfig.swift in Sources */,
				3BB000000000000000000002 /* MenubarStatsPoller.swift in Sources */,
				3BB000000000000000000003 /* MenubarVisibilityWatcher.swift in Sources */,
				4BB000000000000000000001 /* PortConflictResolver.swift in Sources */,
				4BB000000000000000000002 /* SignalHandlers.swift in Sources */,
			);
			runOnlyForDeploymentPostprocessing = 0;
		};
/* End PBXSourcesBuildPhase section */

/* Begin XCBuildConfiguration section */
		1AAAAAAAAAAAAAAAAAAAAAA5 /* Debug */ = {
			isa = XCBuildConfiguration;
			buildSettings = {
				ALWAYS_SEARCH_USER_PATHS = NO;
				ASSETCATALOG_COMPILER_GENERATE_SWIFT_ASSET_SYMBOL_EXTENSIONS = NO;
				CLANG_ANALYZER_NONNULL = YES;
				CLANG_ANALYZER_NUMBER_OBJECT_CONVERSION = YES_AGGRESSIVE;
				CLANG_CXX_LANGUAGE_STANDARD = "gnu++20";
				CLANG_ENABLE_MODULES = YES;
				CLANG_ENABLE_OBJC_ARC = YES;
				CLANG_ENABLE_OBJC_WEAK = YES;
				CLANG_WARN_BLOCK_CAPTURE_AUTORELEASING = YES;
				CLANG_WARN_BOOL_CONVERSION = YES;
				CLANG_WARN_COMMA = YES;
				CLANG_WARN_CONSTANT_CONVERSION = YES;
				CLANG_WARN_DEPRECATED_OBJC_IMPLEMENTATIONS = YES;
				CLANG_WARN_DIRECT_OBJC_ISA_USAGE = YES_ERROR;
				CLANG_WARN_DOCUMENTATION_COMMENTS = YES;
				CLANG_WARN_EMPTY_BODY = YES;
				CLANG_WARN_ENUM_CONVERSION = YES;
				CLANG_WARN_INFINITE_RECURSION = YES;
				CLANG_WARN_INT_CONVERSION = YES;
				CLANG_WARN_NON_LITERAL_NULL_CONVERSION = YES;
				CLANG_WARN_OBJC_IMPLICIT_RETAIN_SELF = YES;
				CLANG_WARN_OBJC_LITERAL_CONVERSION = YES;
				CLANG_WARN_OBJC_ROOT_CLASS = YES_ERROR;
				CLANG_WARN_QUOTED_INCLUDE_IN_FRAMEWORK_HEADER = YES;
				CLANG_WARN_RANGE_LOOP_ANALYSIS = YES;
				CLANG_WARN_STRICT_PROTOTYPES = YES;
				CLANG_WARN_SUSPICIOUS_MOVE = YES;
				CLANG_WARN_UNGUARDED_AVAILABILITY = YES_AGGRESSIVE;
				CLANG_WARN_UNREACHABLE_CODE = YES;
				CLANG_WARN__DUPLICATE_METHOD_MATCH = YES;
				COPY_PHASE_STRIP = NO;
				DEBUG_INFORMATION_FORMAT = dwarf;
				ENABLE_NS_ASSERTIONS = YES;
				ENABLE_STRICT_OBJC_MSGSEND = YES;
				ENABLE_TESTABILITY = YES;
				ENABLE_USER_SCRIPT_SANDBOXING = YES;
				GCC_C_LANGUAGE_STANDARD = gnu17;
				GCC_DYNAMIC_NO_PIC = NO;
				GCC_NO_COMMON_BLOCKS = YES;
				GCC_OPTIMIZATION_LEVEL = 0;
				GCC_PREPROCESSOR_DEFINITIONS = (
					"DEBUG=1",
					"$(inherited)",
				);
				GCC_WARN_64_TO_32_BIT_CONVERSION = YES;
				GCC_WARN_ABOUT_RETURN_TYPE = YES_ERROR;
				GCC_WARN_UNDECLARED_SELECTOR = YES;
				GCC_WARN_UNINITIALIZED_AUTOS = YES_AGGRESSIVE;
				GCC_WARN_UNUSED_FUNCTION = YES;
				GCC_WARN_UNUSED_VARIABLE = YES;
				LOCALIZATION_PREFERS_STRING_CATALOGS = YES;
				MACOSX_DEPLOYMENT_TARGET = 15.0;
				MTL_ENABLE_DEBUG_INFO = INCLUDE_SOURCE;
				MTL_FAST_MATH = YES;
				ONLY_ACTIVE_ARCH = YES;
				SDKROOT = macosx;
				SWIFT_ACTIVE_COMPILATION_CONDITIONS = "DEBUG $(inherited)";
				SWIFT_OPTIMIZATION_LEVEL = "-Onone";
			};
			name = Debug;
		};
		1AAAAAAAAAAAAAAAAAAAAAA6 /* Release */ = {
			isa = XCBuildConfiguration;
			buildSettings = {
				ALWAYS_SEARCH_USER_PATHS = NO;
				ASSETCATALOG_COMPILER_GENERATE_SWIFT_ASSET_SYMBOL_EXTENSIONS = NO;
				CLANG_ANALYZER_NONNULL = YES;
				CLANG_ANALYZER_NUMBER_OBJECT_CONVERSION = YES_AGGRESSIVE;
				CLANG_CXX_LANGUAGE_STANDARD = "gnu++20";
				CLANG_ENABLE_MODULES = YES;
				CLANG_ENABLE_OBJC_ARC = YES;
				CLANG_ENABLE_OBJC_WEAK = YES;
				CLANG_WARN_BLOCK_CAPTURE_AUTORELEASING = YES;
				CLANG_WARN_BOOL_CONVERSION = YES;
				CLANG_WARN_COMMA = YES;
				CLANG_WARN_CONSTANT_CONVERSION = YES;
				CLANG_WARN_DEPRECATED_OBJC_IMPLEMENTATIONS = YES;
				CLANG_WARN_DIRECT_OBJC_ISA_USAGE = YES_ERROR;
				CLANG_WARN_DOCUMENTATION_COMMENTS = YES;
				CLANG_WARN_EMPTY_BODY = YES;
				CLANG_WARN_ENUM_CONVERSION = YES;
				CLANG_WARN_INFINITE_RECURSION = YES;
				CLANG_WARN_INT_CONVERSION = YES;
				CLANG_WARN_NON_LITERAL_NULL_CONVERSION = YES;
				CLANG_WARN_OBJC_IMPLICIT_RETAIN_SELF = YES;
				CLANG_WARN_OBJC_LITERAL_CONVERSION = YES;
				CLANG_WARN_OBJC_ROOT_CLASS = YES_ERROR;
				CLANG_WARN_QUOTED_INCLUDE_IN_FRAMEWORK_HEADER = YES;
				CLANG_WARN_RANGE_LOOP_ANALYSIS = YES;
				CLANG_WARN_STRICT_PROTOTYPES = YES;
				CLANG_WARN_SUSPICIOUS_MOVE = YES;
				CLANG_WARN_UNGUARDED_AVAILABILITY = YES_AGGRESSIVE;
				CLANG_WARN_UNREACHABLE_CODE = YES;
				CLANG_WARN__DUPLICATE_METHOD_MATCH = YES;
				COPY_PHASE_STRIP = NO;
				DEBUG_INFORMATION_FORMAT = "dwarf-with-dsym";
				ENABLE_NS_ASSERTIONS = NO;
				ENABLE_STRICT_OBJC_MSGSEND = YES;
				ENABLE_USER_SCRIPT_SANDBOXING = YES;
				GCC_C_LANGUAGE_STANDARD = gnu17;
				GCC_NO_COMMON_BLOCKS = YES;
				GCC_WARN_64_TO_32_BIT_CONVERSION = YES;
				GCC_WARN_ABOUT_RETURN_TYPE = YES_ERROR;
				GCC_WARN_UNDECLARED_SELECTOR = YES;
				GCC_WARN_UNINITIALIZED_AUTOS = YES_AGGRESSIVE;
				GCC_WARN_UNUSED_FUNCTION = YES;
				GCC_WARN_UNUSED_VARIABLE = YES;
				LOCALIZATION_PREFERS_STRING_CATALOGS = YES;
				MACOSX_DEPLOYMENT_TARGET = 15.0;
				MTL_ENABLE_DEBUG_INFO = NO;
				MTL_FAST_MATH = YES;
				SDKROOT = macosx;
				SWIFT_COMPILATION_MODE = wholemodule;
			};
			name = Release;
		};
		1AAAAAAAAAAAAAAAAAAAAAA7 /* Debug */ = {
			isa = XCBuildConfiguration;
			buildSettings = {
				CODE_SIGN_ENTITLEMENTS = "Resources/oMLX-next.entitlements";
				CODE_SIGN_STYLE = Automatic;
				COMBINE_HIDPI_IMAGES = YES;
				CURRENT_PROJECT_VERSION = 1;
				DEAD_CODE_STRIPPING = YES;
				DEVELOPMENT_TEAM = "";
				ENABLE_HARDENED_RUNTIME = YES;
				GENERATE_INFOPLIST_FILE = NO;
				INFOPLIST_FILE = "Resources/Info.plist";
				LD_RUNPATH_SEARCH_PATHS = (
					"$(inherited)",
					"@executable_path/../Frameworks",
				);
				MACOSX_DEPLOYMENT_TARGET = 15.0;
				MARKETING_VERSION = 0.0.1;
				PRODUCT_BUNDLE_IDENTIFIER = "app.omlx-next";
				PRODUCT_NAME = "$(TARGET_NAME)";
				SWIFT_EMIT_LOC_STRINGS = YES;
				SWIFT_VERSION = 6.0;
			};
			name = Debug;
		};
		1AAAAAAAAAAAAAAAAAAAAAA8 /* Release */ = {
			isa = XCBuildConfiguration;
			buildSettings = {
				CODE_SIGN_ENTITLEMENTS = "Resources/oMLX-next.entitlements";
				CODE_SIGN_STYLE = Automatic;
				COMBINE_HIDPI_IMAGES = YES;
				CURRENT_PROJECT_VERSION = 1;
				DEAD_CODE_STRIPPING = YES;
				DEVELOPMENT_TEAM = "";
				ENABLE_HARDENED_RUNTIME = YES;
				GENERATE_INFOPLIST_FILE = NO;
				INFOPLIST_FILE = "Resources/Info.plist";
				LD_RUNPATH_SEARCH_PATHS = (
					"$(inherited)",
					"@executable_path/../Frameworks",
				);
				MACOSX_DEPLOYMENT_TARGET = 15.0;
				MARKETING_VERSION = 0.0.1;
				PRODUCT_BUNDLE_IDENTIFIER = "app.omlx-next";
				PRODUCT_NAME = "$(TARGET_NAME)";
				SWIFT_EMIT_LOC_STRINGS = YES;
				SWIFT_VERSION = 6.0;
			};
			name = Release;
		};
/* End XCBuildConfiguration section */

/* Begin XCConfigurationList section */
		1AAAAAAAAAAAAAAAAAAAAAA3 /* Build configuration list for PBXProject "oMLX" */ = {
			isa = XCConfigurationList;
			buildConfigurations = (
				1AAAAAAAAAAAAAAAAAAAAAA5 /* Debug */,
				1AAAAAAAAAAAAAAAAAAAAAA6 /* Release */,
			);
			defaultConfigurationIsVisible = 0;
			defaultConfigurationName = Release;
		};
		1AAAAAAAAAAAAAAAAAAAAAA4 /* Build configuration list for PBXNativeTarget "oMLX-next" */ = {
			isa = XCConfigurationList;
			buildConfigurations = (
				1AAAAAAAAAAAAAAAAAAAAAA7 /* Debug */,
				1AAAAAAAAAAAAAAAAAAAAAA8 /* Release */,
			);
			defaultConfigurationIsVisible = 0;
			defaultConfigurationName = Release;
		};
/* End XCConfigurationList section */
	};
	rootObject = 1AAAAAAAAAAAAAAAAAAAAAA1 /* Project object */;
}
